
Microsoft Visual Studio Solution File, Format Version 12.00
# Visual Studio 15
VisualStudioVersion = 15.0.28010.2016
MinimumVisualStudioVersion = 10.0.40219.1
Project("{FAE04EC0-301F-11D3-BF4B-00C04F79EFBC}") = "ComicBookGallery", "ComicBookGallery\ComicBookGallery.csproj", "{0A9048CC-F062-4AD7-B365-9402E91C5CBE}"
EndProject
Global
	GlobalSection(SolutionConfigurationPlatforms) = preSolution
		Debug|Any CPU = Debug|Any CPU
		Release|Any CPU = Release|Any CPU
	EndGlobalSection
	GlobalSection(ProjectConfigurationPlatforms) = postSolution
		{0A9048CC-F062-4AD7-B365-9402E91C5CBE}.Debug|Any CPU.ActiveCfg = Debug|Any CPU
		{0A9048CC-F062-4AD7-B365-9402E91C5CBE}.Debug|Any CPU.Build.0 = Debug|Any CPU
		{0A9048CC-F062-4AD7-B365-9402E91C5CBE}.Release|Any CPU.ActiveCfg = Release|Any CPU
		{0A9048CC-F062-4AD7-B365-9402E91C5CBE}.Release|Any CPU.Build.0 = Release|Any CPU
	EndGlobalSection
	GlobalSection(SolutionProperties) = preSolution
		HideSolutionNode = FALSE
	EndGlobalSection
	GlobalSection(ExtensibilityGlobals) = postSolution
		SolutionGuid = {8740B771-8B50-4B74-96D9-E9C5A60B2738}
	EndGlobalSection
EndGlobal
